# THIS IS AN AUTOGENERATED FILE. DO NOT EDIT THIS FILE DIRECTLY.
# yarn lockfile v1


three-orbitcontrols@^2.110.1:
  version "2.110.1"
  resolved "https://registry.yarnpkg.com/three-orbitcontrols/-/three-orbitcontrols-2.110.1.tgz#105fdad47c1de122e465950d61bae5f327674a29"

three@^0.111.0:
  version "0.111.0"
  resolved "https://registry.yarnpkg.com/three/-/three-0.111.0.tgz#9cedb73e79b7f6bf2440cb67a273f883faa923b6"
